{
  "name": "tutor",
  "version": "1.0.0",
  "lockfileVersion": 3,
  "requires": true,
  "packages": {
    "": {
      "name": "tutor",
      "version": "1.0.0",
      "license": "ISC",
      "dependencies": {
        "perfect-freehand": "^1.2.0"
      }
    },
    "node_modules/perfect-freehand": {
      "version": "1.2.0",
      "resolved": "https://registry.npmjs.org/perfect-freehand/-/perfect-freehand-1.2.0.tgz",
      "integrity": "sha512-h/0ikF1M3phW7CwpZ5MMvKnfpHficWoOEyr//KVNTxV4F6deRK1eYMtHyBKEAKFK0aXIEUK9oBvlF6PNXMDsAw=="
    }
  }
}
